{
    "name": "mangustus",
    "version": "1.0.5",
    "lockfileVersion": 3,
    "requires": true,
    "packages": {
        "": {
            "name": "mangustus",
            "version": "1.0.5",
            "license": "BSD",
            "bin": {
                "mangustus": "cli.js"
            }
        }
    }
}
